
Microsoft Visual Studio Solution File, Format Version 12.00
# Visual Studio Version 17
VisualStudioVersion = 17.0.31717.71
MinimumVisualStudioVersion = 10.0.40219.1
Project("{FAE04EC0-301F-11D3-BF4B-00C04F79EFBC}") = "algorithms", "algorithms\algorithms.csproj", "{32E576EE-1CDC-4973-97BB-0F6F1DC32C4E}"
EndProject
Global
	GlobalSection(SolutionConfigurationPlatforms) = preSolution
		Debug|Any CPU = Debug|Any CPU
		Release|Any CPU = Release|Any CPU
	EndGlobalSection
	GlobalSection(ProjectConfigurationPlatforms) = postSolution
		{32E576EE-1CDC-4973-97BB-0F6F1DC32C4E}.Debug|Any CPU.ActiveCfg = Debug|Any CPU
		{32E576EE-1CDC-4973-97BB-0F6F1DC32C4E}.Debug|Any CPU.Build.0 = Debug|Any CPU
		{32E576EE-1CDC-4973-97BB-0F6F1DC32C4E}.Release|Any CPU.ActiveCfg = Release|Any CPU
		{32E576EE-1CDC-4973-97BB-0F6F1DC32C4E}.Release|Any CPU.Build.0 = Release|Any CPU
	EndGlobalSection
	GlobalSection(SolutionProperties) = preSolution
		HideSolutionNode = FALSE
	EndGlobalSection
	GlobalSection(ExtensibilityGlobals) = postSolution
		SolutionGuid = {003785D7-1B8D-4AF7-A619-3F8AC8236D61}
	EndGlobalSection
EndGlobal
